
Microsoft Visual Studio Solution File, Format Version 12.00
# Visual Studio 15
VisualStudioVersion = 15.0.28307.489
MinimumVisualStudioVersion = 10.0.40219.1
Project("{FAE04EC0-301F-11D3-BF4B-00C04F79EFBC}") = "BlogDemo.Api", "BlogDemo.Api\BlogDemo.Api.csproj", "{0A9122EF-2C58-4646-A5B8-163C05949E0D}"
	ProjectSection(ProjectDependencies) = postProject
		{A1E42009-7F50-48D1-9BFB-ECC7A55EFB8B} = {A1E42009-7F50-48D1-9BFB-ECC7A55EFB8B}
		{E7D7222A-CE05-4A77-87D9-1558CE292CF5} = {E7D7222A-CE05-4A77-87D9-1558CE292CF5}
	EndProjectSection
EndProject
Project("{FAE04EC0-301F-11D3-BF4B-00C04F79EFBC}") = "BlogDemo.Core", "BlogDemo.Core\BlogDemo.Core.csproj", "{E7D7222A-CE05-4A77-87D9-1558CE292CF5}"
EndProject
Project("{FAE04EC0-301F-11D3-BF4B-00C04F79EFBC}") = "BlogDemo.Infrastructure", "BlogDemo.Infrastructure\BlogDemo.Infrastructure.csproj", "{A1E42009-7F50-48D1-9BFB-ECC7A55EFB8B}"
	ProjectSection(ProjectDependencies) = postProject
		{E7D7222A-CE05-4A77-87D9-1558CE292CF5} = {E7D7222A-CE05-4A77-87D9-1558CE292CF5}
	EndProjectSection
EndProject
Global
	GlobalSection(SolutionConfigurationPlatforms) = preSolution
		Debug|Any CPU = Debug|Any CPU
		Release|Any CPU = Release|Any CPU
	EndGlobalSection
	GlobalSection(ProjectConfigurationPlatforms) = postSolution
		{0A9122EF-2C58-4646-A5B8-163C05949E0D}.Debug|Any CPU.ActiveCfg = Debug|Any CPU
		{0A9122EF-2C58-4646-A5B8-163C05949E0D}.Debug|Any CPU.Build.0 = Debug|Any CPU
		{0A9122EF-2C58-4646-A5B8-163C05949E0D}.Release|Any CPU.ActiveCfg = Release|Any CPU
		{0A9122EF-2C58-4646-A5B8-163C05949E0D}.Release|Any CPU.Build.0 = Release|Any CPU
		{E7D7222A-CE05-4A77-87D9-1558CE292CF5}.Debug|Any CPU.ActiveCfg = Debug|Any CPU
		{E7D7222A-CE05-4A77-87D9-1558CE292CF5}.Debug|Any CPU.Build.0 = Debug|Any CPU
		{E7D7222A-CE05-4A77-87D9-1558CE292CF5}.Release|Any CPU.ActiveCfg = Release|Any CPU
		{E7D7222A-CE05-4A77-87D9-1558CE292CF5}.Release|Any CPU.Build.0 = Release|Any CPU
		{A1E42009-7F50-48D1-9BFB-ECC7A55EFB8B}.Debug|Any CPU.ActiveCfg = Debug|Any CPU
		{A1E42009-7F50-48D1-9BFB-ECC7A55EFB8B}.Debug|Any CPU.Build.0 = Debug|Any CPU
		{A1E42009-7F50-48D1-9BFB-ECC7A55EFB8B}.Release|Any CPU.ActiveCfg = Release|Any CPU
		{A1E42009-7F50-48D1-9BFB-ECC7A55EFB8B}.Release|Any CPU.Build.0 = Release|Any CPU
	EndGlobalSection
	GlobalSection(SolutionProperties) = preSolution
		HideSolutionNode = FALSE
	EndGlobalSection
	GlobalSection(ExtensibilityGlobals) = postSolution
		SolutionGuid = {8169C34C-9562-44CA-8110-A7051FDB9A80}
	EndGlobalSection
EndGlobal
